
Microsoft Visual Studio Solution File, Format Version 12.00
# Visual Studio Version 16
VisualStudioVersion = 16.0.30330.147
MinimumVisualStudioVersion = 10.0.40219.1
Project("{FAE04EC0-301F-11D3-BF4B-00C04F79EFBC}") = "Amongus.Bot", "Amongus.Bot\Amongus.Bot.csproj", "{D5864626-B7F4-4C25-ACC0-8FD2037E38AE}"
EndProject
Global
	GlobalSection(SolutionConfigurationPlatforms) = preSolution
		Debug|Any CPU = Debug|Any CPU
		Release|Any CPU = Release|Any CPU
	EndGlobalSection
	GlobalSection(ProjectConfigurationPlatforms) = postSolution
		{D5864626-B7F4-4C25-ACC0-8FD2037E38AE}.Debug|Any CPU.ActiveCfg = Debug|Any CPU
		{D5864626-B7F4-4C25-ACC0-8FD2037E38AE}.Debug|Any CPU.Build.0 = Debug|Any CPU
		{D5864626-B7F4-4C25-ACC0-8FD2037E38AE}.Release|Any CPU.ActiveCfg = Release|Any CPU
		{D5864626-B7F4-4C25-ACC0-8FD2037E38AE}.Release|Any CPU.Build.0 = Release|Any CPU
	EndGlobalSection
	GlobalSection(SolutionProperties) = preSolution
		HideSolutionNode = FALSE
	EndGlobalSection
	GlobalSection(ExtensibilityGlobals) = postSolution
		SolutionGuid = {C3251C15-72ED-44FC-BB80-4D7B9EFF4672}
	EndGlobalSection
EndGlobal
